
Microsoft Visual Studio Solution File, Format Version 12.00
# Visual Studio Version 17
VisualStudioVersion = 17.10.35013.160
MinimumVisualStudioVersion = 10.0.40219.1
Project("{8BC9CEB8-8B4A-11D0-8D11-00A0C91BC942}") = "web", "web\web.vcxproj", "{25F2C9B4-3932-4179-ABB6-B3B15A186605}"
EndProject
Global
	GlobalSection(SolutionConfigurationPlatforms) = preSolution
		Debug|x64 = Debug|x64
		Debug|x86 = Debug|x86
		Release|x64 = Release|x64
		Release|x86 = Release|x86
	EndGlobalSection
	GlobalSection(ProjectConfigurationPlatforms) = postSolution
		{25F2C9B4-3932-4179-ABB6-B3B15A186605}.Debug|x64.ActiveCfg = Debug|x64
		{25F2C9B4-3932-4179-ABB6-B3B15A186605}.Debug|x64.Build.0 = Debug|x64
		{25F2C9B4-3932-4179-ABB6-B3B15A186605}.Debug|x86.ActiveCfg = Debug|Win32
		{25F2C9B4-3932-4179-ABB6-B3B15A186605}.Debug|x86.Build.0 = Debug|Win32
		{25F2C9B4-3932-4179-ABB6-B3B15A186605}.Release|x64.ActiveCfg = Release|x64
		{25F2C9B4-3932-4179-ABB6-B3B15A186605}.Release|x64.Build.0 = Release|x64
		{25F2C9B4-3932-4179-ABB6-B3B15A186605}.Release|x86.ActiveCfg = Release|Win32
		{25F2C9B4-3932-4179-ABB6-B3B15A186605}.Release|x86.Build.0 = Release|Win32
	EndGlobalSection
	GlobalSection(SolutionProperties) = preSolution
		HideSolutionNode = FALSE
	EndGlobalSection
	GlobalSection(ExtensibilityGlobals) = postSolution
		SolutionGuid = {39BBFE05-4148-4830-BCB9-97889B082506}
	EndGlobalSection
EndGlobal
